// !$*UTF8*$!
{
	archiveVersion = 1;
	classes = {
	};
	objectVersion = 55;
	objects = {

/* Begin PBXBuildFile section */
		59B1307AB85E1682617D7D08 /* Pods_Swift_CollectionTests.framework in Frameworks */ = {isa = PBXBuildFile; fileRef = 29DF648660A781BDFE8EBBC9 /* Pods_Swift_CollectionTests.framework */; };
		6F1F2BED28A50FC200F6BE1E /* LoginVC.swift in Sources */ = {isa = PBXBuildFile; fileRef = 6F1F2BEC28A50FC200F6BE1E /* LoginVC.swift */; };
		6F1F2BF028A5134A00F6BE1E /* FirebaseAuth in Frameworks */ = {isa = PBXBuildFile; productRef = 6F1F2BEF28A5134A00F6BE1E /* FirebaseAuth */; };
		6F1F2BF228A5134A00F6BE1E /* FirebaseFirestore in Frameworks */ = {isa = PBXBuildFile; productRef = 6F1F2BF128A5134A00F6BE1E /* FirebaseFirestore */; };
		6F1F2BF428A514EF00F6BE1E /* GoogleService-Info.plist in Resources */ = {isa = PBXBuildFile; fileRef = 6F1F2BF328A514EF00F6BE1E /* GoogleService-Info.plist */; };
		6F7BCCA528A62485006F6F28 /* LoginValidation.swift in Sources */ = {isa = PBXBuildFile; fileRef = 6F7BCCA428A62485006F6F28 /* LoginValidation.swift */; };
		6F7BCCA728A62939006F6F28 /* LoginTest.swift in Sources */ = {isa = PBXBuildFile; fileRef = 6F7BCCA628A62939006F6F28 /* LoginTest.swift */; };
		6FB57D8E28A3820000F2228C /* AppDelegate.swift in Sources */ = {isa = PBXBuildFile; fileRef = 6FB57D8D28A3820000F2228C /* AppDelegate.swift */; };
		6FB57D9028A3820000F2228C /* SceneDelegate.swift in Sources */ = {isa = PBXBuildFile; fileRef = 6FB57D8F28A3820000F2228C /* SceneDelegate.swift */; };
		6FB57D9228A3820000F2228C /* ViewController.swift in Sources */ = {isa = PBXBuildFile; fileRef = 6FB57D9128A3820000F2228C /* ViewController.swift */; };
		6FB57D9528A3820000F2228C /* Main.storyboard in Resources */ = {isa = PBXBuildFile; fileRef = 6FB57D9328A3820000F2228C /* Main.storyboard */; };
		6FB57D9728A3820200F2228C /* Assets.xcassets in Resources */ = {isa = PBXBuildFile; fileRef = 6FB57D9628A3820200F2228C /* Assets.xcassets */; };
		6FB57D9A28A3820200F2228C /* LaunchScreen.storyboard in Resources */ = {isa = PBXBuildFile; fileRef = 6FB57D9828A3820200F2228C /* LaunchScreen.storyboard */; };
		6FB57DA528A3820200F2228C /* Swift_CollectionTests.swift in Sources */ = {isa = PBXBuildFile; fileRef = 6FB57DA428A3820200F2228C /* Swift_CollectionTests.swift */; };
		6FB57DAF28A3820200F2228C /* Swift_CollectionUITests.swift in Sources */ = {isa = PBXBuildFile; fileRef = 6FB57DAE28A3820200F2228C /* Swift_CollectionUITests.swift */; };
		6FB57DB128A3820200F2228C /* Swift_CollectionUITestsLaunchTests.swift in Sources */ = {isa = PBXBuildFile; fileRef = 6FB57DB028A3820200F2228C /* Swift_CollectionUITestsLaunchTests.swift */; };
		6FB57DC028A3BEA700F2228C /* RegisterVC.swift in Sources */ = {isa = PBXBuildFile; fileRef = 6FB57DBF28A3BEA700F2228C /* RegisterVC.swift */; };
		A0DE8F90BD34609EFA0916A2 /* Pods_Swift_Collection_Swift_CollectionUITests.framework in Frameworks */ = {isa = PBXBuildFile; fileRef = 423A5E98166318A3D59B19DB /* Pods_Swift_Collection_Swift_CollectionUITests.framework */; };
		EA9B63CBBEF1DD6697DC2D89 /* Pods_Swift_Collection.framework in Frameworks */ = {isa = PBXBuildFile; fileRef = 1F71D886003D133146A9B8BF /* Pods_Swift_Collection.framework */; };
/* End PBXBuildFile section */

/* Begin PBXContainerItemProxy section */
		6FB57DA128A3820200F2228C /* PBXContainerItemProxy */ = {
			isa = PBXContainerItemProxy;
			containerPortal = 6FB57D8228A3820000F2228C /* Project object */;
			proxyType = 1;
			remoteGlobalIDString = 6FB57D8928A3820000F2228C;
			remoteInfo = "Swift Collection";
		};
		6FB57DAB28A3820200F2228C /* PBXContainerItemProxy */ = {
			isa = PBXContainerItemProxy;
			containerPortal = 6FB57D8228A3820000F2228C /* Project object */;
			proxyType = 1;
			remoteGlobalIDString = 6FB57D8928A3820000F2228C;
			remoteInfo = "Swift Collection";
		};
/* End PBXContainerItemProxy section */

/* Begin PBXFileReference section */
		1F71D886003D133146A9B8BF /* Pods_Swift_Collection.framework */ = {isa = PBXFileReference; explicitFileType = wrapper.framework; includeInIndex = 0; path = Pods_Swift_Collection.framework; sourceTree = BUILT_PRODUCTS_DIR; };
		29DF648660A781BDFE8EBBC9 /* Pods_Swift_CollectionTests.framework */ = {isa = PBXFileReference; explicitFileType = wrapper.framework; includeInIndex = 0; path = Pods_Swift_CollectionTests.framework; sourceTree = BUILT_PRODUCTS_DIR; };
		2D91B1B4549A70CD88C317BD /* Pods-Swift CollectionTests.debug.xcconfig */ = {isa = PBXFileReference; includeInIndex = 1; lastKnownFileType = text.xcconfig; name = "Pods-Swift CollectionTests.debug.xcconfig"; path = "Target Support Files/Pods-Swift CollectionTests/Pods-Swift CollectionTests.debug.xcconfig"; sourceTree = "<group>"; };
		423A5E98166318A3D59B19DB /* Pods_Swift_Collection_Swift_CollectionUITests.framework */ = {isa = PBXFileReference; explicitFileType = wrapper.framework; includeInIndex = 0; path = Pods_Swift_Collection_Swift_CollectionUITests.framework; sourceTree = BUILT_PRODUCTS_DIR; };
		43829F0F70EA785C1112C94D /* Pods-Swift Collection.release.xcconfig */ = {isa = PBXFileReference; includeInIndex = 1; lastKnownFileType = text.xcconfig; name = "Pods-Swift Collection.release.xcconfig"; path = "Target Support Files/Pods-Swift Collection/Pods-Swift Collection.release.xcconfig"; sourceTree = "<group>"; };
		5273EC5E7AB26B37F9BE4107 /* Pods-Swift Collection-Swift CollectionUITests.debug.xcconfig */ = {isa = PBXFileReference; includeInIndex = 1; lastKnownFileType = text.xcconfig; name = "Pods-Swift Collection-Swift CollectionUITests.debug.xcconfig"; path = "Target Support Files/Pods-Swift Collection-Swift CollectionUITests/Pods-Swift Collection-Swift CollectionUITests.debug.xcconfig"; sourceTree = "<group>"; };
		62DF401BFF2225532C878D05 /* Pods-Swift Collection.debug.xcconfig */ = {isa = PBXFileReference; includeInIndex = 1; lastKnownFileType = text.xcconfig; name = "Pods-Swift Collection.debug.xcconfig"; path = "Target Support Files/Pods-Swift Collection/Pods-Swift Collection.debug.xcconfig"; sourceTree = "<group>"; };
		6F1F2BEC28A50FC200F6BE1E /* LoginVC.swift */ = {isa = PBXFileReference; lastKnownFileType = sourcecode.swift; path = LoginVC.swift; sourceTree = "<group>"; };
		6F1F2BF328A514EF00F6BE1E /* GoogleService-Info.plist */ = {isa = PBXFileReference; fileEncoding = 4; lastKnownFileType = text.plist.xml; path = "GoogleService-Info.plist"; sourceTree = "<group>"; };
		6F7BCCA428A62485006F6F28 /* LoginValidation.swift */ = {isa = PBXFileReference; lastKnownFileType = sourcecode.swift; path = LoginValidation.swift; sourceTree = "<group>"; };
		6F7BCCA628A62939006F6F28 /* LoginTest.swift */ = {isa = PBXFileReference; lastKnownFileType = sourcecode.swift; path = LoginTest.swift; sourceTree = "<group>"; };
		6FB57D8A28A3820000F2228C /* Swift Collection.app */ = {isa = PBXFileReference; explicitFileType = wrapper.application; includeInIndex = 0; path = "Swift Collection.app"; sourceTree = BUILT_PRODUCTS_DIR; };
		6FB57D8D28A3820000F2228C /* AppDelegate.swift */ = {isa = PBXFileReference; lastKnownFileType = sourcecode.swift; path = AppDelegate.swift; sourceTree = "<group>"; };
		6FB57D8F28A3820000F2228C /* SceneDelegate.swift */ = {isa = PBXFileReference; lastKnownFileType = sourcecode.swift; path = SceneDelegate.swift; sourceTree = "<group>"; };
		6FB57D9128A3820000F2228C /* ViewController.swift */ = {isa = PBXFileReference; lastKnownFileType = sourcecode.swift; path = ViewController.swift; sourceTree = "<group>"; };
		6FB57D9428A3820000F2228C /* Base */ = {isa = PBXFileReference; lastKnownFileType = file.storyboard; name = Base; path = Base.lproj/Main.storyboard; sourceTree = "<group>"; };
		6FB57D9628A3820200F2228C /* Assets.xcassets */ = {isa = PBXFileReference; lastKnownFileType = folder.assetcatalog; path = Assets.xcassets; sourceTree = "<group>"; };
		6FB57D9928A3820200F2228C /* Base */ = {isa = PBXFileReference; lastKnownFileType = file.storyboard; name = Base; path = Base.lproj/LaunchScreen.storyboard; sourceTree = "<group>"; };
		6FB57D9B28A3820200F2228C /* Info.plist */ = {isa = PBXFileReference; lastKnownFileType = text.plist.xml; path = Info.plist; sourceTree = "<group>"; };
		6FB57DA028A3820200F2228C /* Swift CollectionTests.xctest */ = {isa = PBXFileReference; explicitFileType = wrapper.cfbundle; includeInIndex = 0; path = "Swift CollectionTests.xctest"; sourceTree = BUILT_PRODUCTS_DIR; };
		6FB57DA428A3820200F2228C /* Swift_CollectionTests.swift */ = {isa = PBXFileReference; lastKnownFileType = sourcecode.swift; path = Swift_CollectionTests.swift; sourceTree = "<group>"; };
		6FB57DAA28A3820200F2228C /* Swift CollectionUITests.xctest */ = {isa = PBXFileReference; explicitFileType = wrapper.cfbundle; includeInIndex = 0; path = "Swift CollectionUITests.xctest"; sourceTree = BUILT_PRODUCTS_DIR; };
		6FB57DAE28A3820200F2228C /* Swift_CollectionUITests.swift */ = {isa = PBXFileReference; lastKnownFileType = sourcecode.swift; path = Swift_CollectionUITests.swift; sourceTree = "<group>"; };
		6FB57DB028A3820200F2228C /* Swift_CollectionUITestsLaunchTests.swift */ = {isa = PBXFileReference; lastKnownFileType = sourcecode.swift; path = Swift_CollectionUITestsLaunchTests.swift; sourceTree = "<group>"; };
		6FB57DBF28A3BEA700F2228C /* RegisterVC.swift */ = {isa = PBXFileReference; lastKnownFileType = sourcecode.swift; path = RegisterVC.swift; sourceTree = "<group>"; };
		9A73CF187D729575BC39215F /* Pods-Swift Collection-Swift CollectionUITests.release.xcconfig */ = {isa = PBXFileReference; includeInIndex = 1; lastKnownFileType = text.xcconfig; name = "Pods-Swift Collection-Swift CollectionUITests.release.xcconfig"; path = "Target Support Files/Pods-Swift Collection-Swift CollectionUITests/Pods-Swift Collection-Swift CollectionUITests.release.xcconfig"; sourceTree = "<group>"; };
		A0C28A2266FC84632DCB24E6 /* Pods-Swift CollectionTests.release.xcconfig */ = {isa = PBXFileReference; includeInIndex = 1; lastKnownFileType = text.xcconfig; name = "Pods-Swift CollectionTests.release.xcconfig"; path = "Target Support Files/Pods-Swift CollectionTests/Pods-Swift CollectionTests.release.xcconfig"; sourceTree = "<group>"; };
/* End PBXFileReference section */

/* Begin PBXFrameworksBuildPhase section */
		6FB57D8728A3820000F2228C /* Frameworks */ = {
			isa = PBXFrameworksBuildPhase;
			buildActionMask = 2147483647;
			files = (
				EA9B63CBBEF1DD6697DC2D89 /* Pods_Swift_Collection.framework in Frameworks */,
				6F1F2BF028A5134A00F6BE1E /* FirebaseAuth in Frameworks */,
				6F1F2BF228A5134A00F6BE1E /* FirebaseFirestore in Frameworks */,
			);
			runOnlyForDeploymentPostprocessing = 0;
		};
		6FB57D9D28A3820200F2228C /* Frameworks */ = {
			isa = PBXFrameworksBuildPhase;
			buildActionMask = 2147483647;
			files = (
				59B1307AB85E1682617D7D08 /* Pods_Swift_CollectionTests.framework in Frameworks */,
			);
			runOnlyForDeploymentPostprocessing = 0;
		};
		6FB57DA728A3820200F2228C /* Frameworks */ = {
			isa = PBXFrameworksBuildPhase;
			buildActionMask = 2147483647;
			files = (
				A0DE8F90BD34609EFA0916A2 /* Pods_Swift_Collection_Swift_CollectionUITests.framework in Frameworks */,
			);
			runOnlyForDeploymentPostprocessing = 0;
		};
/* End PBXFrameworksBuildPhase section */

/* Begin PBXGroup section */
		6FB57D8128A3820000F2228C = {
			isa = PBXGroup;
			children = (
				6FB57D8C28A3820000F2228C /* Swift Collection */,
				6FB57DA328A3820200F2228C /* Swift CollectionTests */,
				6FB57DAD28A3820200F2228C /* Swift CollectionUITests */,
				6FB57D8B28A3820000F2228C /* Products */,
				876A5800CDC6A1FAA48A6434 /* Pods */,
				9A599A2BA88D78B3E6C0707A /* Frameworks */,
			);
			sourceTree = "<group>";
		};
		6FB57D8B28A3820000F2228C /* Products */ = {
			isa = PBXGroup;
			children = (
				6FB57D8A28A3820000F2228C /* Swift Collection.app */,
				6FB57DA028A3820200F2228C /* Swift CollectionTests.xctest */,
				6FB57DAA28A3820200F2228C /* Swift CollectionUITests.xctest */,
			);
			name = Products;
			sourceTree = "<group>";
		};
		6FB57D8C28A3820000F2228C /* Swift Collection */ = {
			isa = PBXGroup;
			children = (
				6FB57D8D28A3820000F2228C /* AppDelegate.swift */,
				6FB57D8F28A3820000F2228C /* SceneDelegate.swift */,
				6FB57D9128A3820000F2228C /* ViewController.swift */,
				6FB57D9328A3820000F2228C /* Main.storyboard */,
				6F1F2BEC28A50FC200F6BE1E /* LoginVC.swift */,
				6F7BCCA628A62939006F6F28 /* LoginTest.swift */,
				6F7BCCA428A62485006F6F28 /* LoginValidation.swift */,
				6FB57DBF28A3BEA700F2228C /* RegisterVC.swift */,
				6FB57D9628A3820200F2228C /* Assets.xcassets */,
				6FB57D9828A3820200F2228C /* LaunchScreen.storyboard */,
				6FB57D9B28A3820200F2228C /* Info.plist */,
				6F1F2BF328A514EF00F6BE1E /* GoogleService-Info.plist */,
			);
			path = "Swift Collection";
			sourceTree = "<group>";
		};
		6FB57DA328A3820200F2228C /* Swift CollectionTests */ = {
			isa = PBXGroup;
			children = (
				6FB57DA428A3820200F2228C /* Swift_CollectionTests.swift */,
			);
			path = "Swift CollectionTests";
			sourceTree = "<group>";
		};
		6FB57DAD28A3820200F2228C /* Swift CollectionUITests */ = {
			isa = PBXGroup;
			children = (
				6FB57DAE28A3820200F2228C /* Swift_CollectionUITests.swift */,
				6FB57DB028A3820200F2228C /* Swift_CollectionUITestsLaunchTests.swift */,
			);
			path = "Swift CollectionUITests";
			sourceTree = "<group>";
		};
		876A5800CDC6A1FAA48A6434 /* Pods */ = {
			isa = PBXGroup;
			children = (
				62DF401BFF2225532C878D05 /* Pods-Swift Collection.debug.xcconfig */,
				43829F0F70EA785C1112C94D /* Pods-Swift Collection.release.xcconfig */,
				5273EC5E7AB26B37F9BE4107 /* Pods-Swift Collection-Swift CollectionUITests.debug.xcconfig */,
				9A73CF187D729575BC39215F /* Pods-Swift Collection-Swift CollectionUITests.release.xcconfig */,
				2D91B1B4549A70CD88C317BD /* Pods-Swift CollectionTests.debug.xcconfig */,
				A0C28A2266FC84632DCB24E6 /* Pods-Swift CollectionTests.release.xcconfig */,
			);
			path = Pods;
			sourceTree = "<group>";
		};
		9A599A2BA88D78B3E6C0707A /* Frameworks */ = {
			isa = PBXGroup;
			children = (
				1F71D886003D133146A9B8BF /* Pods_Swift_Collection.framework */,
				423A5E98166318A3D59B19DB /* Pods_Swift_Collection_Swift_CollectionUITests.framework */,
				29DF648660A781BDFE8EBBC9 /* Pods_Swift_CollectionTests.framework */,
			);
			name = Frameworks;
			sourceTree = "<group>";
		};
/* End PBXGroup section */

/* Begin PBXNativeTarget section */
		6FB57D8928A3820000F2228C /* Swift Collection */ = {
			isa = PBXNativeTarget;
			buildConfigurationList = 6FB57DB428A3820200F2228C /* Build configuration list for PBXNativeTarget "Swift Collection" */;
			buildPhases = (
				5F503FA6A9C68C4B32D7D9C7 /* [CP] Check Pods Manifest.lock */,
				6FB57D8628A3820000F2228C /* Sources */,
				6FB57D8728A3820000F2228C /* Frameworks */,
				6FB57D8828A3820000F2228C /* Resources */,
				6FB57DBE28A3AD6500F2228C /* ShellScript */,
			);
			buildRules = (
			);
			dependencies = (
			);
			name = "Swift Collection";
			packageProductDependencies = (
				6F1F2BEF28A5134A00F6BE1E /* FirebaseAuth */,
				6F1F2BF128A5134A00F6BE1E /* FirebaseFirestore */,
			);
			productName = "Swift Collection";
			productReference = 6FB57D8A28A3820000F2228C /* Swift Collection.app */;
			productType = "com.apple.product-type.application";
		};
		6FB57D9F28A3820200F2228C /* Swift CollectionTests */ = {
			isa = PBXNativeTarget;
			buildConfigurationList = 6FB57DB728A3820200F2228C /* Build configuration list for PBXNativeTarget "Swift CollectionTests" */;
			buildPhases = (
				E3A2FAD3E00A21789E519348 /* [CP] Check Pods Manifest.lock */,
				6FB57D9C28A3820200F2228C /* Sources */,
				6FB57D9D28A3820200F2228C /* Frameworks */,
				6FB57D9E28A3820200F2228C /* Resources */,
			);
			buildRules = (
			);
			dependencies = (
				6FB57DA228A3820200F2228C /* PBXTargetDependency */,
			);
			name = "Swift CollectionTests";
			productName = "Swift CollectionTests";
			productReference = 6FB57DA028A3820200F2228C /* Swift CollectionTests.xctest */;
			productType = "com.apple.product-type.bundle.unit-test";
		};
		6FB57DA928A3820200F2228C /* Swift CollectionUITests */ = {
			isa = PBXNativeTarget;
			buildConfigurationList = 6FB57DBA28A3820200F2228C /* Build configuration list for PBXNativeTarget "Swift CollectionUITests" */;
			buildPhases = (
				DEEBFE41BC174968F2343B24 /* [CP] Check Pods Manifest.lock */,
				6FB57DA628A3820200F2228C /* Sources */,
				6FB57DA728A3820200F2228C /* Frameworks */,
				6FB57DA828A3820200F2228C /* Resources */,
			);
			buildRules = (
			);
			dependencies = (
				6FB57DAC28A3820200F2228C /* PBXTargetDependency */,
			);
			name = "Swift CollectionUITests";
			productName = "Swift CollectionUITests";
			productReference = 6FB57DAA28A3820200F2228C /* Swift CollectionUITests.xctest */;
			productType = "com.apple.product-type.bundle.ui-testing";
		};
/* End PBXNativeTarget section */

/* Begin PBXProject section */
		6FB57D8228A3820000F2228C /* Project object */ = {
			isa = PBXProject;
			attributes = {
				BuildIndependentTargetsInParallel = 1;
				LastSwiftUpdateCheck = 1320;
				LastUpgradeCheck = 1320;
				TargetAttributes = {
					6FB57D8928A3820000F2228C = {
						CreatedOnToolsVersion = 13.2.1;
					};
					6FB57D9F28A3820200F2228C = {
						CreatedOnToolsVersion = 13.2.1;
						TestTargetID = 6FB57D8928A3820000F2228C;
					};
					6FB57DA928A3820200F2228C = {
						CreatedOnToolsVersion = 13.2.1;
						TestTargetID = 6FB57D8928A3820000F2228C;
					};
				};
			};
			buildConfigurationList = 6FB57D8528A3820000F2228C /* Build configuration list for PBXProject "Swift Collection" */;
			compatibilityVersion = "Xcode 13.0";
			developmentRegion = en;
			hasScannedForEncodings = 0;
			knownRegions = (
				en,
				Base,
			);
			mainGroup = 6FB57D8128A3820000F2228C;
			packageReferences = (
				6F1F2BEE28A5134A00F6BE1E /* XCRemoteSwiftPackageReference "firebase-ios-sdk" */,
			);
			productRefGroup = 6FB57D8B28A3820000F2228C /* Products */;
			projectDirPath = "";
			projectRoot = "";
			targets = (
				6FB57D8928A3820000F2228C /* Swift Collection */,
				6FB57D9F28A3820200F2228C /* Swift CollectionTests */,
				6FB57DA928A3820200F2228C /* Swift CollectionUITests */,
			);
		};
/* End PBXProject section */

/* Begin PBXResourcesBuildPhase section */
		6FB57D8828A3820000F2228C /* Resources */ = {
			isa = PBXResourcesBuildPhase;
			buildActionMask = 2147483647;
			files = (
				6FB57D9A28A3820200F2228C /* LaunchScreen.storyboard in Resources */,
				6F1F2BF428A514EF00F6BE1E /* GoogleService-Info.plist in Resources */,
				6FB57D9728A3820200F2228C /* Assets.xcassets in Resources */,
				6FB57D9528A3820000F2228C /* Main.storyboard in Resources */,
			);
			runOnlyForDeploymentPostprocessing = 0;
		};
		6FB57D9E28A3820200F2228C /* Resources */ = {
			isa = PBXResourcesBuildPhase;
			buildActionMask = 2147483647;
			files = (
			);
			runOnlyForDeploymentPostprocessing = 0;
		};
		6FB57DA828A3820200F2228C /* Resources */ = {
			isa = PBXResourcesBuildPhase;
			buildActionMask = 2147483647;
			files = (
			);
			runOnlyForDeploymentPostprocessing = 0;
		};
/* End PBXResourcesBuildPhase section */

/* Begin PBXShellScriptBuildPhase section */
		5F503FA6A9C68C4B32D7D9C7 /* [CP] Check Pods Manifest.lock */ = {
			isa = PBXShellScriptBuildPhase;
			buildActionMask = 2147483647;
			files = (
			);
			inputFileListPaths = (
			);
			inputPaths = (
				"${PODS_PODFILE_DIR_PATH}/Podfile.lock",
				"${PODS_ROOT}/Manifest.lock",
			);
			name = "[CP] Check Pods Manifest.lock";
			outputFileListPaths = (
			);
			outputPaths = (
				"$(DERIVED_FILE_DIR)/Pods-Swift Collection-checkManifestLockResult.txt",
			);
			runOnlyForDeploymentPostprocessing = 0;
			shellPath = /bin/sh;
			shellScript = "diff \"${PODS_PODFILE_DIR_PATH}/Podfile.lock\" \"${PODS_ROOT}/Manifest.lock\" > /dev/null\nif [ $? != 0 ] ; then\n    # print error to STDERR\n    echo \"error: The sandbox is not in sync with the Podfile.lock. Run 'pod install' or update your CocoaPods installation.\" >&2\n    exit 1\nfi\n# This output is used by Xcode 'outputs' to avoid re-running this script phase.\necho \"SUCCESS\" > \"${SCRIPT_OUTPUT_FILE_0}\"\n";
			showEnvVarsInLog = 0;
		};
		6FB57DBE28A3AD6500F2228C /* ShellScript */ = {
			isa = PBXShellScriptBuildPhase;
			buildActionMask = 12;
			files = (
			);
			inputFileListPaths = (
			);
			inputPaths = (
			);
			outputFileListPaths = (
			);
			outputPaths = (
			);
			runOnlyForDeploymentPostprocessing = 0;
			shellPath = /bin/sh;
			shellScript = " \"${PODS_ROOT}/SwiftLint/swiftlint\"\n";
		};
		DEEBFE41BC174968F2343B24 /* [CP] Check Pods Manifest.lock */ = {
			isa = PBXShellScriptBuildPhase;
			buildActionMask = 2147483647;
			files = (
			);
			inputFileListPaths = (
			);
			inputPaths = (
				"${PODS_PODFILE_DIR_PATH}/Podfile.lock",
				"${PODS_ROOT}/Manifest.lock",
			);
			name = "[CP] Check Pods Manifest.lock";
			outputFileListPaths = (
			);
			outputPaths = (
				"$(DERIVED_FILE_DIR)/Pods-Swift Collection-Swift CollectionUITests-checkManifestLockResult.txt",
			);
			runOnlyForDeploymentPostprocessing = 0;
			shellPath = /bin/sh;
			shellScript = "diff \"${PODS_PODFILE_DIR_PATH}/Podfile.lock\" \"${PODS_ROOT}/Manifest.lock\" > /dev/null\nif [ $? != 0 ] ; then\n    # print error to STDERR\n    echo \"error: The sandbox is not in sync with the Podfile.lock. Run 'pod install' or update your CocoaPods installation.\" >&2\n    exit 1\nfi\n# This output is used by Xcode 'outputs' to avoid re-running this script phase.\necho \"SUCCESS\" > \"${SCRIPT_OUTPUT_FILE_0}\"\n";
			showEnvVarsInLog = 0;
		};
		E3A2FAD3E00A21789E519348 /* [CP] Check Pods Manifest.lock */ = {
			isa = PBXShellScriptBuildPhase;
			buildActionMask = 2147483647;
			files = (
			);
			inputFileListPaths = (
			);
			inputPaths = (
				"${PODS_PODFILE_DIR_PATH}/Podfile.lock",
				"${PODS_ROOT}/Manifest.lock",
			);
			name = "[CP] Check Pods Manifest.lock";
			outputFileListPaths = (
			);
			outputPaths = (
				"$(DERIVED_FILE_DIR)/Pods-Swift CollectionTests-checkManifestLockResult.txt",
			);
			runOnlyForDeploymentPostprocessing = 0;
			shellPath = /bin/sh;
			shellScript = "diff \"${PODS_PODFILE_DIR_PATH}/Podfile.lock\" \"${PODS_ROOT}/Manifest.lock\" > /dev/null\nif [ $? != 0 ] ; then\n    # print error to STDERR\n    echo \"error: The sandbox is not in sync with the Podfile.lock. Run 'pod install' or update your CocoaPods installation.\" >&2\n    exit 1\nfi\n# This output is used by Xcode 'outputs' to avoid re-running this script phase.\necho \"SUCCESS\" > \"${SCRIPT_OUTPUT_FILE_0}\"\n";
			showEnvVarsInLog = 0;
		};
/* End PBXShellScriptBuildPhase section */

/* Begin PBXSourcesBuildPhase section */
		6FB57D8628A3820000F2228C /* Sources */ = {
			isa = PBXSourcesBuildPhase;
			buildActionMask = 2147483647;
			files = (
				6FB57D9228A3820000F2228C /* ViewController.swift in Sources */,
				6FB57DC028A3BEA700F2228C /* RegisterVC.swift in Sources */,
				6FB57D8E28A3820000F2228C /* AppDelegate.swift in Sources */,
				6FB57D9028A3820000F2228C /* SceneDelegate.swift in Sources */,
				6F7BCCA528A62485006F6F28 /* LoginValidation.swift in Sources */,
				6F1F2BED28A50FC200F6BE1E /* LoginVC.swift in Sources */,
			);
			runOnlyForDeploymentPostprocessing = 0;
		};
		6FB57D9C28A3820200F2228C /* Sources */ = {
			isa = PBXSourcesBuildPhase;
			buildActionMask = 2147483647;
			files = (
				6FB57DA528A3820200F2228C /* Swift_CollectionTests.swift in Sources */,
				6F7BCCA728A62939006F6F28 /* LoginTest.swift in Sources */,
			);
			runOnlyForDeploymentPostprocessing = 0;
		};
		6FB57DA628A3820200F2228C /* Sources */ = {
			isa = PBXSourcesBuildPhase;
			buildActionMask = 2147483647;
			files = (
				6FB57DB128A3820200F2228C /* Swift_CollectionUITestsLaunchTests.swift in Sources */,
				6FB57DAF28A3820200F2228C /* Swift_CollectionUITests.swift in Sources */,
			);
			runOnlyForDeploymentPostprocessing = 0;
		};
/* End PBXSourcesBuildPhase section */

/* Begin PBXTargetDependency section */
		6FB57DA228A3820200F2228C /* PBXTargetDependency */ = {
			isa = PBXTargetDependency;
			target = 6FB57D8928A3820000F2228C /* Swift Collection */;
			targetProxy = 6FB57DA128A3820200F2228C /* PBXContainerItemProxy */;
		};
		6FB57DAC28A3820200F2228C /* PBXTargetDependency */ = {
			isa = PBXTargetDependency;
			target = 6FB57D8928A3820000F2228C /* Swift Collection */;
			targetProxy = 6FB57DAB28A3820200F2228C /* PBXContainerItemProxy */;
		};
/* End PBXTargetDependency section */

/* Begin PBXVariantGroup section */
		6FB57D9328A3820000F2228C /* Main.storyboard */ = {
			isa = PBXVariantGroup;
			children = (
				6FB57D9428A3820000F2228C /* Base */,
			);
			name = Main.storyboard;
			sourceTree = "<group>";
		};
		6FB57D9828A3820200F2228C /* LaunchScreen.storyboard */ = {
			isa = PBXVariantGroup;
			children = (
				6FB57D9928A3820200F2228C /* Base */,
			);
			name = LaunchScreen.storyboard;
			sourceTree = "<group>";
		};
/* End PBXVariantGroup section */

/* Begin XCBuildConfiguration section */
		6FB57DB228A3820200F2228C /* Debug */ = {
			isa = XCBuildConfiguration;
			buildSettings = {
				ALWAYS_SEARCH_USER_PATHS = NO;
				CLANG_ANALYZER_NONNULL = YES;
				CLANG_ANALYZER_NUMBER_OBJECT_CONVERSION = YES_AGGRESSIVE;
				CLANG_CXX_LANGUAGE_STANDARD = "gnu++17";
				CLANG_CXX_LIBRARY = "libc++";
				CLANG_ENABLE_MODULES = YES;
				CLANG_ENABLE_OBJC_ARC = YES;
				CLANG_ENABLE_OBJC_WEAK = YES;
				CLANG_WARN_BLOCK_CAPTURE_AUTORELEASING = YES;
				CLANG_WARN_BOOL_CONVERSION = YES;
				CLANG_WARN_COMMA = YES;
				CLANG_WARN_CONSTANT_CONVERSION = YES;
				CLANG_WARN_DEPRECATED_OBJC_IMPLEMENTATIONS = YES;
				CLANG_WARN_DIRECT_OBJC_ISA_USAGE = YES_ERROR;
				CLANG_WARN_DOCUMENTATION_COMMENTS = YES;
				CLANG_WARN_EMPTY_BODY = YES;
				CLANG_WARN_ENUM_CONVERSION = YES;
				CLANG_WARN_INFINITE_RECURSION = YES;
				CLANG_WARN_INT_CONVERSION = YES;
				CLANG_WARN_NON_LITERAL_NULL_CONVERSION = YES;
				CLANG_WARN_OBJC_IMPLICIT_RETAIN_SELF = YES;
				CLANG_WARN_OBJC_LITERAL_CONVERSION = YES;
				CLANG_WARN_OBJC_ROOT_CLASS = YES_ERROR;
				CLANG_WARN_QUOTED_INCLUDE_IN_FRAMEWORK_HEADER = YES;
				CLANG_WARN_RANGE_LOOP_ANALYSIS = YES;
				CLANG_WARN_STRICT_PROTOTYPES = YES;
				CLANG_WARN_SUSPICIOUS_MOVE = YES;
				CLANG_WARN_UNGUARDED_AVAILABILITY = YES_AGGRESSIVE;
				CLANG_WARN_UNREACHABLE_CODE = YES;
				CLANG_WARN__DUPLICATE_METHOD_MATCH = YES;
				COPY_PHASE_STRIP = NO;
				DEBUG_INFORMATION_FORMAT = dwarf;
				ENABLE_STRICT_OBJC_MSGSEND = YES;
				ENABLE_TESTABILITY = YES;
				GCC_C_LANGUAGE_STANDARD = gnu11;
				GCC_DYNAMIC_NO_PIC = NO;
				GCC_NO_COMMON_BLOCKS = YES;
				GCC_OPTIMIZATION_LEVEL = 0;
				GCC_PREPROCESSOR_DEFINITIONS = (
					"DEBUG=1",
					"$(inherited)",
				);
				GCC_WARN_64_TO_32_BIT_CONVERSION = YES;
				GCC_WARN_ABOUT_RETURN_TYPE = YES_ERROR;
				GCC_WARN_UNDECLARED_SELECTOR = YES;
				GCC_WARN_UNINITIALIZED_AUTOS = YES_AGGRESSIVE;
				GCC_WARN_UNUSED_FUNCTION = YES;
				GCC_WARN_UNUSED_VARIABLE = YES;
				IPHONEOS_DEPLOYMENT_TARGET = 15.2;
				MTL_ENABLE_DEBUG_INFO = INCLUDE_SOURCE;
				MTL_FAST_MATH = YES;
				ONLY_ACTIVE_ARCH = YES;
				SDKROOT = iphoneos;
				SWIFT_ACTIVE_COMPILATION_CONDITIONS = DEBUG;
				SWIFT_OPTIMIZATION_LEVEL = "-Onone";
			};
			name = Debug;
		};
		6FB57DB328A3820200F2228C /* Release */ = {
			isa = XCBuildConfiguration;
			buildSettings = {
				ALWAYS_SEARCH_USER_PATHS = NO;
				CLANG_ANALYZER_NONNULL = YES;
				CLANG_ANALYZER_NUMBER_OBJECT_CONVERSION = YES_AGGRESSIVE;
				CLANG_CXX_LANGUAGE_STANDARD = "gnu++17";
				CLANG_CXX_LIBRARY = "libc++";
				CLANG_ENABLE_MODULES = YES;
				CLANG_ENABLE_OBJC_ARC = YES;
				CLANG_ENABLE_OBJC_WEAK = YES;
				CLANG_WARN_BLOCK_CAPTURE_AUTORELEASING = YES;
				CLANG_WARN_BOOL_CONVERSION = YES;
				CLANG_WARN_COMMA = YES;
				CLANG_WARN_CONSTANT_CONVERSION = YES;
				CLANG_WARN_DEPRECATED_OBJC_IMPLEMENTATIONS = YES;
				CLANG_WARN_DIRECT_OBJC_ISA_USAGE = YES_ERROR;
				CLANG_WARN_DOCUMENTATION_COMMENTS = YES;
				CLANG_WARN_EMPTY_BODY = YES;
				CLANG_WARN_ENUM_CONVERSION = YES;
				CLANG_WARN_INFINITE_RECURSION = YES;
				CLANG_WARN_INT_CONVERSION = YES;
				CLANG_WARN_NON_LITERAL_NULL_CONVERSION = YES;
				CLANG_WARN_OBJC_IMPLICIT_RETAIN_SELF = YES;
				CLANG_WARN_OBJC_LITERAL_CONVERSION = YES;
				CLANG_WARN_OBJC_ROOT_CLASS = YES_ERROR;
				CLANG_WARN_QUOTED_INCLUDE_IN_FRAMEWORK_HEADER = YES;
				CLANG_WARN_RANGE_LOOP_ANALYSIS = YES;
				CLANG_WARN_STRICT_PROTOTYPES = YES;
				CLANG_WARN_SUSPICIOUS_MOVE = YES;
				CLANG_WARN_UNGUARDED_AVAILABILITY = YES_AGGRESSIVE;
				CLANG_WARN_UNREACHABLE_CODE = YES;
				CLANG_WARN__DUPLICATE_METHOD_MATCH = YES;
				COPY_PHASE_STRIP = NO;
				DEBUG_INFORMATION_FORMAT = "dwarf-with-dsym";
				ENABLE_NS_ASSERTIONS = NO;
				ENABLE_STRICT_OBJC_MSGSEND = YES;
				GCC_C_LANGUAGE_STANDARD = gnu11;
				GCC_NO_COMMON_BLOCKS = YES;
				GCC_WARN_64_TO_32_BIT_CONVERSION = YES;
				GCC_WARN_ABOUT_RETURN_TYPE = YES_ERROR;
				GCC_WARN_UNDECLARED_SELECTOR = YES;
				GCC_WARN_UNINITIALIZED_AUTOS = YES_AGGRESSIVE;
				GCC_WARN_UNUSED_FUNCTION = YES;
				GCC_WARN_UNUSED_VARIABLE = YES;
				IPHONEOS_DEPLOYMENT_TARGET = 15.2;
				MTL_ENABLE_DEBUG_INFO = NO;
				MTL_FAST_MATH = YES;
				SDKROOT = iphoneos;
				SWIFT_COMPILATION_MODE = wholemodule;
				SWIFT_OPTIMIZATION_LEVEL = "-O";
				VALIDATE_PRODUCT = YES;
			};
			name = Release;
		};
		6FB57DB528A3820200F2228C /* Debug */ = {
			isa = XCBuildConfiguration;
			baseConfigurationReference = 62DF401BFF2225532C878D05 /* Pods-Swift Collection.debug.xcconfig */;
			buildSettings = {
				ASSETCATALOG_COMPILER_APPICON_NAME = AppIcon;
				ASSETCATALOG_COMPILER_GLOBAL_ACCENT_COLOR_NAME = AccentColor;
				CODE_SIGN_STYLE = Automatic;
				CURRENT_PROJECT_VERSION = 1;
				DEVELOPMENT_TEAM = J8S9X52T32;
				GENERATE_INFOPLIST_FILE = YES;
				INFOPLIST_FILE = "Swift Collection/Info.plist";
				INFOPLIST_KEY_UIApplicationSupportsIndirectInputEvents = YES;
				INFOPLIST_KEY_UILaunchStoryboardName = LaunchScreen;
				INFOPLIST_KEY_UIMainStoryboardFile = Main;
				INFOPLIST_KEY_UISupportedInterfaceOrientations_iPad = "UIInterfaceOrientationPortrait UIInterfaceOrientationPortraitUpsideDown UIInterfaceOrientationLandscapeLeft UIInterfaceOrientationLandscapeRight";
				INFOPLIST_KEY_UISupportedInterfaceOrientations_iPhone = "UIInterfaceOrientationPortrait UIInterfaceOrientationLandscapeLeft UIInterfaceOrientationLandscapeRight";
				LD_RUNPATH_SEARCH_PATHS = (
					"$(inherited)",
					"@executable_path/Frameworks",
				);
				MARKETING_VERSION = 1.0;
				PRODUCT_BUNDLE_IDENTIFIER = "com.aarish.Swift-Collection";
				PRODUCT_NAME = "$(TARGET_NAME)";
				SWIFT_EMIT_LOC_STRINGS = YES;
				SWIFT_VERSION = 5.0;
				TARGETED_DEVICE_FAMILY = "1,2";
			};
			name = Debug;
		};
		6FB57DB628A3820200F2228C /* Release */ = {
			isa = XCBuildConfiguration;
			baseConfigurationReference = 43829F0F70EA785C1112C94D /* Pods-Swift Collection.release.xcconfig */;
			buildSettings = {
				ASSETCATALOG_COMPILER_APPICON_NAME = AppIcon;
				ASSETCATALOG_COMPILER_GLOBAL_ACCENT_COLOR_NAME = AccentColor;
				CODE_SIGN_STYLE = Automatic;
				CURRENT_PROJECT_VERSION = 1;
				DEVELOPMENT_TEAM = J8S9X52T32;
				GENERATE_INFOPLIST_FILE = YES;
				INFOPLIST_FILE = "Swift Collection/Info.plist";
				INFOPLIST_KEY_UIApplicationSupportsIndirectInputEvents = YES;
				INFOPLIST_KEY_UILaunchStoryboardName = LaunchScreen;
				INFOPLIST_KEY_UIMainStoryboardFile = Main;
				INFOPLIST_KEY_UISupportedInterfaceOrientations_iPad = "UIInterfaceOrientationPortrait UIInterfaceOrientationPortraitUpsideDown UIInterfaceOrientationLandscapeLeft UIInterfaceOrientationLandscapeRight";
				INFOPLIST_KEY_UISupportedInterfaceOrientations_iPhone = "UIInterfaceOrientationPortrait UIInterfaceOrientationLandscapeLeft UIInterfaceOrientationLandscapeRight";
				LD_RUNPATH_SEARCH_PATHS = (
					"$(inherited)",
					"@executable_path/Frameworks",
				);
				MARKETING_VERSION = 1.0;
				PRODUCT_BUNDLE_IDENTIFIER = "com.aarish.Swift-Collection";
				PRODUCT_NAME = "$(TARGET_NAME)";
				SWIFT_EMIT_LOC_STRINGS = YES;
				SWIFT_VERSION = 5.0;
				TARGETED_DEVICE_FAMILY = "1,2";
			};
			name = Release;
		};
		6FB57DB828A3820200F2228C /* Debug */ = {
			isa = XCBuildConfiguration;
			baseConfigurationReference = 2D91B1B4549A70CD88C317BD /* Pods-Swift CollectionTests.debug.xcconfig */;
			buildSettings = {
				ALWAYS_EMBED_SWIFT_STANDARD_LIBRARIES = YES;
				BUNDLE_LOADER = "$(TEST_HOST)";
				CODE_SIGN_STYLE = Automatic;
				CURRENT_PROJECT_VERSION = 1;
				DEVELOPMENT_TEAM = J8S9X52T32;
				GENERATE_INFOPLIST_FILE = YES;
				IPHONEOS_DEPLOYMENT_TARGET = 15.2;
				MARKETING_VERSION = 1.0;
				PRODUCT_BUNDLE_IDENTIFIER = "com.aarish.Swift-CollectionTests";
				PRODUCT_NAME = "$(TARGET_NAME)";
				SWIFT_EMIT_LOC_STRINGS = NO;
				SWIFT_VERSION = 5.0;
				TARGETED_DEVICE_FAMILY = "1,2";
				TEST_HOST = "$(BUILT_PRODUCTS_DIR)/Swift Collection.app/Swift Collection";
			};
			name = Debug;
		};
		6FB57DB928A3820200F2228C /* Release */ = {
			isa = XCBuildConfiguration;
			baseConfigurationReference = A0C28A2266FC84632DCB24E6 /* Pods-Swift CollectionTests.release.xcconfig */;
			buildSettings = {
				ALWAYS_EMBED_SWIFT_STANDARD_LIBRARIES = YES;
				BUNDLE_LOADER = "$(TEST_HOST)";
				CODE_SIGN_STYLE = Automatic;
				CURRENT_PROJECT_VERSION = 1;
				DEVELOPMENT_TEAM = J8S9X52T32;
				GENERATE_INFOPLIST_FILE = YES;
				IPHONEOS_DEPLOYMENT_TARGET = 15.2;
				MARKETING_VERSION = 1.0;
				PRODUCT_BUNDLE_IDENTIFIER = "com.aarish.Swift-CollectionTests";
				PRODUCT_NAME = "$(TARGET_NAME)";
				SWIFT_EMIT_LOC_STRINGS = NO;
				SWIFT_VERSION = 5.0;
				TARGETED_DEVICE_FAMILY = "1,2";
				TEST_HOST = "$(BUILT_PRODUCTS_DIR)/Swift Collection.app/Swift Collection";
			};
			name = Release;
		};
		6FB57DBB28A3820200F2228C /* Debug */ = {
			isa = XCBuildConfiguration;
			baseConfigurationReference = 5273EC5E7AB26B37F9BE4107 /* Pods-Swift Collection-Swift CollectionUITests.debug.xcconfig */;
			buildSettings = {
				ALWAYS_EMBED_SWIFT_STANDARD_LIBRARIES = YES;
				CODE_SIGN_STYLE = Automatic;
				CURRENT_PROJECT_VERSION = 1;
				DEVELOPMENT_TEAM = J8S9X52T32;
				GENERATE_INFOPLIST_FILE = YES;
				MARKETING_VERSION = 1.0;
				PRODUCT_BUNDLE_IDENTIFIER = "com.aarish.Swift-CollectionUITests";
				PRODUCT_NAME = "$(TARGET_NAME)";
				SWIFT_EMIT_LOC_STRINGS = NO;
				SWIFT_VERSION = 5.0;
				TARGETED_DEVICE_FAMILY = "1,2";
				TEST_TARGET_NAME = "Swift Collection";
			};
			name = Debug;
		};
		6FB57DBC28A3820200F2228C /* Release */ = {
			isa = XCBuildConfiguration;
			baseConfigurationReference = 9A73CF187D729575BC39215F /* Pods-Swift Collection-Swift CollectionUITests.release.xcconfig */;
			buildSettings = {
				ALWAYS_EMBED_SWIFT_STANDARD_LIBRARIES = YES;
				CODE_SIGN_STYLE = Automatic;
				CURRENT_PROJECT_VERSION = 1;
				DEVELOPMENT_TEAM = J8S9X52T32;
				GENERATE_INFOPLIST_FILE = YES;
				MARKETING_VERSION = 1.0;
				PRODUCT_BUNDLE_IDENTIFIER = "com.aarish.Swift-CollectionUITests";
				PRODUCT_NAME = "$(TARGET_NAME)";
				SWIFT_EMIT_LOC_STRINGS = NO;
				SWIFT_VERSION = 5.0;
				TARGETED_DEVICE_FAMILY = "1,2";
				TEST_TARGET_NAME = "Swift Collection";
			};
			name = Release;
		};
/* End XCBuildConfiguration section */

/* Begin XCConfigurationList section */
		6FB57D8528A3820000F2228C /* Build configuration list for PBXProject "Swift Collection" */ = {
			isa = XCConfigurationList;
			buildConfigurations = (
				6FB57DB228A3820200F2228C /* Debug */,
				6FB57DB328A3820200F2228C /* Release */,
			);
			defaultConfigurationIsVisible = 0;
			defaultConfigurationName = Release;
		};
		6FB57DB428A3820200F2228C /* Build configuration list for PBXNativeTarget "Swift Collection" */ = {
			isa = XCConfigurationList;
			buildConfigurations = (
				6FB57DB528A3820200F2228C /* Debug */,
				6FB57DB628A3820200F2228C /* Release */,
			);
			defaultConfigurationIsVisible = 0;
			defaultConfigurationName = Release;
		};
		6FB57DB728A3820200F2228C /* Build configuration list for PBXNativeTarget "Swift CollectionTests" */ = {
			isa = XCConfigurationList;
			buildConfigurations = (
				6FB57DB828A3820200F2228C /* Debug */,
				6FB57DB928A3820200F2228C /* Release */,
			);
			defaultConfigurationIsVisible = 0;
			defaultConfigurationName = Release;
		};
		6FB57DBA28A3820200F2228C /* Build configuration list for PBXNativeTarget "Swift CollectionUITests" */ = {
			isa = XCConfigurationList;
			buildConfigurations = (
				6FB57DBB28A3820200F2228C /* Debug */,
				6FB57DBC28A3820200F2228C /* Release */,
			);
			defaultConfigurationIsVisible = 0;
			defaultConfigurationName = Release;
		};
/* End XCConfigurationList section */

/* Begin XCRemoteSwiftPackageReference section */
		6F1F2BEE28A5134A00F6BE1E /* XCRemoteSwiftPackageReference "firebase-ios-sdk" */ = {
			isa = XCRemoteSwiftPackageReference;
			repositoryURL = "https://github.com/firebase/firebase-ios-sdk";
			requirement = {
				kind = upToNextMajorVersion;
				minimumVersion = 9.0.0;
			};
		};
/* End XCRemoteSwiftPackageReference section */

/* Begin XCSwiftPackageProductDependency section */
		6F1F2BEF28A5134A00F6BE1E /* FirebaseAuth */ = {
			isa = XCSwiftPackageProductDependency;
			package = 6F1F2BEE28A5134A00F6BE1E /* XCRemoteSwiftPackageReference "firebase-ios-sdk" */;
			productName = FirebaseAuth;
		};
		6F1F2BF128A5134A00F6BE1E /* FirebaseFirestore */ = {
			isa = XCSwiftPackageProductDependency;
			package = 6F1F2BEE28A5134A00F6BE1E /* XCRemoteSwiftPackageReference "firebase-ios-sdk" */;
			productName = FirebaseFirestore;
		};
/* End XCSwiftPackageProductDependency section */
	};
	rootObject = 6FB57D8228A3820000F2228C /* Project object */;
}
